// !$*UTF8*$!
{
	archiveVersion = 1;
	classes = {
	};
	objectVersion = 55;
	objects = {

/* Begin PBXBuildFile section */
		D04D20A02887E22400D17EE4 /* errorsound.mp3 in Resources */ = {isa = PBXBuildFile; fileRef = D04D209F2887E22400D17EE4 /* errorsound.mp3 */; };
		D04D20A22887F01A00D17EE4 /* ViewModel.swift in Sources */ = {isa = PBXBuildFile; fileRef = D04D20A12887F01A00D17EE4 /* ViewModel.swift */; };
		D04D20A428884A8D00D17EE4 /* HistorialView.swift in Sources */ = {isa = PBXBuildFile; fileRef = D04D20A328884A8D00D17EE4 /* HistorialView.swift */; };
		D0AD4AFE2886B57E00F0DE3C /* AprendeSwiftUIApp.swift in Sources */ = {isa = PBXBuildFile; fileRef = D0AD4AFD2886B57E00F0DE3C /* AprendeSwiftUIApp.swift */; };
		D0AD4B002886B57E00F0DE3C /* ContentView.swift in Sources */ = {isa = PBXBuildFile; fileRef = D0AD4AFF2886B57E00F0DE3C /* ContentView.swift */; };
		D0AD4B022886B58300F0DE3C /* Assets.xcassets in Resources */ = {isa = PBXBuildFile; fileRef = D0AD4B012886B58300F0DE3C /* Assets.xcassets */; };
		D0AD4B052886B58300F0DE3C /* Preview Assets.xcassets in Resources */ = {isa = PBXBuildFile; fileRef = D0AD4B042886B58300F0DE3C /* Preview Assets.xcassets */; };
		D0E021FC288EB2D100B143F2 /* SplashScreenView.swift in Sources */ = {isa = PBXBuildFile; fileRef = D0E021FB288EB2D100B143F2 /* SplashScreenView.swift */; };
/* End PBXBuildFile section */

/* Begin PBXFileReference section */
		D04D209F2887E22400D17EE4 /* errorsound.mp3 */ = {isa = PBXFileReference; lastKnownFileType = audio.mp3; path = errorsound.mp3; sourceTree = "<group>"; };
		D04D20A12887F01A00D17EE4 /* ViewModel.swift */ = {isa = PBXFileReference; lastKnownFileType = sourcecode.swift; path = ViewModel.swift; sourceTree = "<group>"; };
		D04D20A328884A8D00D17EE4 /* HistorialView.swift */ = {isa = PBXFileReference; lastKnownFileType = sourcecode.swift; path = HistorialView.swift; sourceTree = "<group>"; };
		D0AD4AFA2886B57E00F0DE3C /* AprendeSwiftUI.app */ = {isa = PBXFileReference; explicitFileType = wrapper.application; includeInIndex = 0; path = AprendeSwiftUI.app; sourceTree = BUILT_PRODUCTS_DIR; };
		D0AD4AFD2886B57E00F0DE3C /* AprendeSwiftUIApp.swift */ = {isa = PBXFileReference; lastKnownFileType = sourcecode.swift; path = AprendeSwiftUIApp.swift; sourceTree = "<group>"; };
		D0AD4AFF2886B57E00F0DE3C /* ContentView.swift */ = {isa = PBXFileReference; lastKnownFileType = sourcecode.swift; path = ContentView.swift; sourceTree = "<group>"; };
		D0AD4B012886B58300F0DE3C /* Assets.xcassets */ = {isa = PBXFileReference; lastKnownFileType = folder.assetcatalog; path = Assets.xcassets; sourceTree = "<group>"; };
		D0AD4B042886B58300F0DE3C /* Preview Assets.xcassets */ = {isa = PBXFileReference; lastKnownFileType = folder.assetcatalog; path = "Preview Assets.xcassets"; sourceTree = "<group>"; };
		D0E021FB288EB2D100B143F2 /* SplashScreenView.swift */ = {isa = PBXFileReference; lastKnownFileType = sourcecode.swift; path = SplashScreenView.swift; sourceTree = "<group>"; };
/* End PBXFileReference section */

/* Begin PBXFrameworksBuildPhase section */
		D0AD4AF72886B57E00F0DE3C /* Frameworks */ = {
			isa = PBXFrameworksBuildPhase;
			buildActionMask = 2147483647;
			files = (
			);
			runOnlyForDeploymentPostprocessing = 0;
		};
/* End PBXFrameworksBuildPhase section */

/* Begin PBXGroup section */
		D04D209E2887E1F100D17EE4 /* Sounds */ = {
			isa = PBXGroup;
			children = (
				D04D209F2887E22400D17EE4 /* errorsound.mp3 */,
			);
			path = Sounds;
			sourceTree = "<group>";
		};
		D0AD4AF12886B57E00F0DE3C = {
			isa = PBXGroup;
			children = (
				D0AD4AFC2886B57E00F0DE3C /* AprendeSwiftUI */,
				D0AD4AFB2886B57E00F0DE3C /* Products */,
			);
			sourceTree = "<group>";
		};
		D0AD4AFB2886B57E00F0DE3C /* Products */ = {
			isa = PBXGroup;
			children = (
				D0AD4AFA2886B57E00F0DE3C /* AprendeSwiftUI.app */,
			);
			name = Products;
			sourceTree = "<group>";
		};
		D0AD4AFC2886B57E00F0DE3C /* AprendeSwiftUI */ = {
			isa = PBXGroup;
			children = (
				D0AD4AFD2886B57E00F0DE3C /* AprendeSwiftUIApp.swift */,
				D0AD4AFF2886B57E00F0DE3C /* ContentView.swift */,
				D04D20A328884A8D00D17EE4 /* HistorialView.swift */,
				D0E021FB288EB2D100B143F2 /* SplashScreenView.swift */,
				D04D20A12887F01A00D17EE4 /* ViewModel.swift */,
				D0AD4B012886B58300F0DE3C /* Assets.xcassets */,
				D04D209E2887E1F100D17EE4 /* Sounds */,
				D0AD4B032886B58300F0DE3C /* Preview Content */,
			);
			path = AprendeSwiftUI;
			sourceTree = "<group>";
		};
		D0AD4B032886B58300F0DE3C /* Preview Content */ = {
			isa = PBXGroup;
			children = (
				D0AD4B042886B58300F0DE3C /* Preview Assets.xcassets */,
			);
			path = "Preview Content";
			sourceTree = "<group>";
		};
/* End PBXGroup section */

/* Begin PBXNativeTarget section */
		D0AD4AF92886B57E00F0DE3C /* AprendeSwiftUI */ = {
			isa = PBXNativeTarget;
			buildConfigurationList = D0AD4B082886B58300F0DE3C /* Build configuration list for PBXNativeTarget "AprendeSwiftUI" */;
			buildPhases = (
				D0AD4AF62886B57E00F0DE3C /* Sources */,
				D0AD4AF72886B57E00F0DE3C /* Frameworks */,
				D0AD4AF82886B57E00F0DE3C /* Resources */,
			);
			buildRules = (
			);
			dependencies = (
			);
			name = AprendeSwiftUI;
			productName = AprendeSwiftUI;
			productReference = D0AD4AFA2886B57E00F0DE3C /* AprendeSwiftUI.app */;
			productType = "com.apple.product-type.application";
		};
/* End PBXNativeTarget section */

/* Begin PBXProject section */
		D0AD4AF22886B57E00F0DE3C /* Project object */ = {
			isa = PBXProject;
			attributes = {
				BuildIndependentTargetsInParallel = 1;
				LastSwiftUpdateCheck = 1320;
				LastUpgradeCheck = 1320;
				TargetAttributes = {
					D0AD4AF92886B57E00F0DE3C = {
						CreatedOnToolsVersion = 13.2.1;
					};
				};
			};
			buildConfigurationList = D0AD4AF52886B57E00F0DE3C /* Build configuration list for PBXProject "AprendeSwiftUI" */;
			compatibilityVersion = "Xcode 13.0";
			developmentRegion = en;
			hasScannedForEncodings = 0;
			knownRegions = (
				en,
				Base,
			);
			mainGroup = D0AD4AF12886B57E00F0DE3C;
			productRefGroup = D0AD4AFB2886B57E00F0DE3C /* Products */;
			projectDirPath = "";
			projectRoot = "";
			targets = (
				D0AD4AF92886B57E00F0DE3C /* AprendeSwiftUI */,
			);
		};
/* End PBXProject section */

/* Begin PBXResourcesBuildPhase section */
		D0AD4AF82886B57E00F0DE3C /* Resources */ = {
			isa = PBXResourcesBuildPhase;
			buildActionMask = 2147483647;
			files = (
				D0AD4B052886B58300F0DE3C /* Preview Assets.xcassets in Resources */,
				D0AD4B022886B58300F0DE3C /* Assets.xcassets in Resources */,
				D04D20A02887E22400D17EE4 /* errorsound.mp3 in Resources */,
			);
			runOnlyForDeploymentPostprocessing = 0;
		};
/* End PBXResourcesBuildPhase section */

/* Begin PBXSourcesBuildPhase section */
		D0AD4AF62886B57E00F0DE3C /* Sources */ = {
			isa = PBXSourcesBuildPhase;
			buildActionMask = 2147483647;
			files = (
				D04D20A428884A8D00D17EE4 /* HistorialView.swift in Sources */,
				D0AD4B002886B57E00F0DE3C /* ContentView.swift in Sources */,
				D0E021FC288EB2D100B143F2 /* SplashScreenView.swift in Sources */,
				D0AD4AFE2886B57E00F0DE3C /* AprendeSwiftUIApp.swift in Sources */,
				D04D20A22887F01A00D17EE4 /* ViewModel.swift in Sources */,
			);
			runOnlyForDeploymentPostprocessing = 0;
		};
/* End PBXSourcesBuildPhase section */

/* Begin XCBuildConfiguration section */
		D0AD4B062886B58300F0DE3C /* Debug */ = {
			isa = XCBuildConfiguration;
			buildSettings = {
				ALWAYS_SEARCH_USER_PATHS = NO;
				CLANG_ANALYZER_NONNULL = YES;
				CLANG_ANALYZER_NUMBER_OBJECT_CONVERSION = YES_AGGRESSIVE;
				CLANG_CXX_LANGUAGE_STANDARD = "gnu++17";
				CLANG_CXX_LIBRARY = "libc++";
				CLANG_ENABLE_MODULES = YES;
				CLANG_ENABLE_OBJC_ARC = YES;
				CLANG_ENABLE_OBJC_WEAK = YES;
				CLANG_WARN_BLOCK_CAPTURE_AUTORELEASING = YES;
				CLANG_WARN_BOOL_CONVERSION = YES;
				CLANG_WARN_COMMA = YES;
				CLANG_WARN_CONSTANT_CONVERSION = YES;
				CLANG_WARN_DEPRECATED_OBJC_IMPLEMENTATIONS = YES;
				CLANG_WARN_DIRECT_OBJC_ISA_USAGE = YES_ERROR;
				CLANG_WARN_DOCUMENTATION_COMMENTS = YES;
				CLANG_WARN_EMPTY_BODY = YES;
				CLANG_WARN_ENUM_CONVERSION = YES;
				CLANG_WARN_INFINITE_RECURSION = YES;
				CLANG_WARN_INT_CONVERSION = YES;
				CLANG_WARN_NON_LITERAL_NULL_CONVERSION = YES;
				CLANG_WARN_OBJC_IMPLICIT_RETAIN_SELF = YES;
				CLANG_WARN_OBJC_LITERAL_CONVERSION = YES;
				CLANG_WARN_OBJC_ROOT_CLASS = YES_ERROR;
				CLANG_WARN_QUOTED_INCLUDE_IN_FRAMEWORK_HEADER = YES;
				CLANG_WARN_RANGE_LOOP_ANALYSIS = YES;
				CLANG_WARN_STRICT_PROTOTYPES = YES;
				CLANG_WARN_SUSPICIOUS_MOVE = YES;
				CLANG_WARN_UNGUARDED_AVAILABILITY = YES_AGGRESSIVE;
				CLANG_WARN_UNREACHABLE_CODE = YES;
				CLANG_WARN__DUPLICATE_METHOD_MATCH = YES;
				COPY_PHASE_STRIP = NO;
				DEBUG_INFORMATION_FORMAT = dwarf;
				ENABLE_STRICT_OBJC_MSGSEND = YES;
				ENABLE_TESTABILITY = YES;
				GCC_C_LANGUAGE_STANDARD = gnu11;
				GCC_DYNAMIC_NO_PIC = NO;
				GCC_NO_COMMON_BLOCKS = YES;
				GCC_OPTIMIZATION_LEVEL = 0;
				GCC_PREPROCESSOR_DEFINITIONS = (
					"DEBUG=1",
					"$(inherited)",
				);
				GCC_WARN_64_TO_32_BIT_CONVERSION = YES;
				GCC_WARN_ABOUT_RETURN_TYPE = YES_ERROR;
				GCC_WARN_UNDECLARED_SELECTOR = YES;
				GCC_WARN_UNINITIALIZED_AUTOS = YES_AGGRESSIVE;
				GCC_WARN_UNUSED_FUNCTION = YES;
				GCC_WARN_UNUSED_VARIABLE = YES;
				IPHONEOS_DEPLOYMENT_TARGET = 15.2;
				MTL_ENABLE_DEBUG_INFO = INCLUDE_SOURCE;
				MTL_FAST_MATH = YES;
				ONLY_ACTIVE_ARCH = YES;
				SDKROOT = iphoneos;
				SWIFT_ACTIVE_COMPILATION_CONDITIONS = DEBUG;
				SWIFT_OPTIMIZATION_LEVEL = "-Onone";
			};
			name = Debug;
		};
		D0AD4B072886B58300F0DE3C /* Release */ = {
			isa = XCBuildConfiguration;
			buildSettings = {
				ALWAYS_SEARCH_USER_PATHS = NO;
				CLANG_ANALYZER_NONNULL = YES;
				CLANG_ANALYZER_NUMBER_OBJECT_CONVERSION = YES_AGGRESSIVE;
				CLANG_CXX_LANGUAGE_STANDARD = "gnu++17";
				CLANG_CXX_LIBRARY = "libc++";
				CLANG_ENABLE_MODULES = YES;
				CLANG_ENABLE_OBJC_ARC = YES;
				CLANG_ENABLE_OBJC_WEAK = YES;
				CLANG_WARN_BLOCK_CAPTURE_AUTORELEASING = YES;
				CLANG_WARN_BOOL_CONVERSION = YES;
				CLANG_WARN_COMMA = YES;
				CLANG_WARN_CONSTANT_CONVERSION = YES;
				CLANG_WARN_DEPRECATED_OBJC_IMPLEMENTATIONS = YES;
				CLANG_WARN_DIRECT_OBJC_ISA_USAGE = YES_ERROR;
				CLANG_WARN_DOCUMENTATION_COMMENTS = YES;
				CLANG_WARN_EMPTY_BODY = YES;
				CLANG_WARN_ENUM_CONVERSION = YES;
				CLANG_WARN_INFINITE_RECURSION = YES;
				CLANG_WARN_INT_CONVERSION = YES;
				CLANG_WARN_NON_LITERAL_NULL_CONVERSION = YES;
				CLANG_WARN_OBJC_IMPLICIT_RETAIN_SELF = YES;
				CLANG_WARN_OBJC_LITERAL_CONVERSION = YES;
				CLANG_WARN_OBJC_ROOT_CLASS = YES_ERROR;
				CLANG_WARN_QUOTED_INCLUDE_IN_FRAMEWORK_HEADER = YES;
				CLANG_WARN_RANGE_LOOP_ANALYSIS = YES;
				CLANG_WARN_STRICT_PROTOTYPES = YES;
				CLANG_WARN_SUSPICIOUS_MOVE = YES;
				CLANG_WARN_UNGUARDED_AVAILABILITY = YES_AGGRESSIVE;
				CLANG_WARN_UNREACHABLE_CODE = YES;
				CLANG_WARN__DUPLICATE_METHOD_MATCH = YES;
				COPY_PHASE_STRIP = NO;
				DEBUG_INFORMATION_FORMAT = "dwarf-with-dsym";
				ENABLE_NS_ASSERTIONS = NO;
				ENABLE_STRICT_OBJC_MSGSEND = YES;
				GCC_C_LANGUAGE_STANDARD = gnu11;
				GCC_NO_COMMON_BLOCKS = YES;
				GCC_WARN_64_TO_32_BIT_CONVERSION = YES;
				GCC_WARN_ABOUT_RETURN_TYPE = YES_ERROR;
				GCC_WARN_UNDECLARED_SELECTOR = YES;
				GCC_WARN_UNINITIALIZED_AUTOS = YES_AGGRESSIVE;
				GCC_WARN_UNUSED_FUNCTION = YES;
				GCC_WARN_UNUSED_VARIABLE = YES;
				IPHONEOS_DEPLOYMENT_TARGET = 15.2;
				MTL_ENABLE_DEBUG_INFO = NO;
				MTL_FAST_MATH = YES;
				SDKROOT = iphoneos;
				SWIFT_COMPILATION_MODE = wholemodule;
				SWIFT_OPTIMIZATION_LEVEL = "-O";
				VALIDATE_PRODUCT = YES;
			};
			name = Release;
		};
		D0AD4B092886B58300F0DE3C /* Debug */ = {
			isa = XCBuildConfiguration;
			buildSettings = {
				ASSETCATALOG_COMPILER_APPICON_NAME = AppIcon;
				ASSETCATALOG_COMPILER_GLOBAL_ACCENT_COLOR_NAME = AccentColor;
				CODE_SIGN_IDENTITY = "iPhone Developer";
				CODE_SIGN_INJECT_BASE_ENTITLEMENTS = NO;
				CODE_SIGN_STYLE = Automatic;
				CURRENT_PROJECT_VERSION = 1;
				DEVELOPMENT_ASSET_PATHS = "\"AprendeSwiftUI/Preview Content\"";
				DEVELOPMENT_TEAM = LG6W729YCG;
				ENABLE_PREVIEWS = YES;
				GENERATE_INFOPLIST_FILE = YES;
				INFOPLIST_KEY_NSFaceIDUsageDescription = "Necesitas autenticarte";
				INFOPLIST_KEY_UIApplicationSceneManifest_Generation = YES;
				INFOPLIST_KEY_UIApplicationSupportsIndirectInputEvents = YES;
				INFOPLIST_KEY_UILaunchScreen_Generation = YES;
				INFOPLIST_KEY_UISupportedInterfaceOrientations_iPad = "UIInterfaceOrientationPortrait UIInterfaceOrientationPortraitUpsideDown UIInterfaceOrientationLandscapeLeft UIInterfaceOrientationLandscapeRight";
				INFOPLIST_KEY_UISupportedInterfaceOrientations_iPhone = "UIInterfaceOrientationPortrait UIInterfaceOrientationLandscapeLeft UIInterfaceOrientationLandscapeRight";
				LD_RUNPATH_SEARCH_PATHS = (
					"$(inherited)",
					"@executable_path/Frameworks",
				);
				MARKETING_VERSION = 1.0;
				PRODUCT_BUNDLE_IDENTIFIER = aprendeSwuiftUI.AprendeSwiftUI;
				PRODUCT_NAME = "$(TARGET_NAME)";
				PROVISIONING_PROFILE_SPECIFIER = "";
				SWIFT_EMIT_LOC_STRINGS = YES;
				SWIFT_VERSION = 5.0;
				TARGETED_DEVICE_FAMILY = "1,2";
			};
			name = Debug;
		};
		D0AD4B0A2886B58300F0DE3C /* Release */ = {
			isa = XCBuildConfiguration;
			buildSettings = {
				ASSETCATALOG_COMPILER_APPICON_NAME = AppIcon;
				ASSETCATALOG_COMPILER_GLOBAL_ACCENT_COLOR_NAME = AccentColor;
				CODE_SIGN_IDENTITY = "iPhone Developer";
				CODE_SIGN_INJECT_BASE_ENTITLEMENTS = NO;
				CODE_SIGN_STYLE = Automatic;
				CURRENT_PROJECT_VERSION = 1;
				DEVELOPMENT_ASSET_PATHS = "\"AprendeSwiftUI/Preview Content\"";
				DEVELOPMENT_TEAM = LG6W729YCG;
				ENABLE_PREVIEWS = YES;
				GENERATE_INFOPLIST_FILE = YES;
				INFOPLIST_KEY_NSFaceIDUsageDescription = "Necesitas autenticarte";
				INFOPLIST_KEY_UIApplicationSceneManifest_Generation = YES;
				INFOPLIST_KEY_UIApplicationSupportsIndirectInputEvents = YES;
				INFOPLIST_KEY_UILaunchScreen_Generation = YES;
				INFOPLIST_KEY_UISupportedInterfaceOrientations_iPad = "UIInterfaceOrientationPortrait UIInterfaceOrientationPortraitUpsideDown UIInterfaceOrientationLandscapeLeft UIInterfaceOrientationLandscapeRight";
				INFOPLIST_KEY_UISupportedInterfaceOrientations_iPhone = "UIInterfaceOrientationPortrait UIInterfaceOrientationLandscapeLeft UIInterfaceOrientationLandscapeRight";
				LD_RUNPATH_SEARCH_PATHS = (
					"$(inherited)",
					"@executable_path/Frameworks",
				);
				MARKETING_VERSION = 1.0;
				PRODUCT_BUNDLE_IDENTIFIER = aprendeSwuiftUI.AprendeSwiftUI;
				PRODUCT_NAME = "$(TARGET_NAME)";
				PROVISIONING_PROFILE_SPECIFIER = "";
				SWIFT_EMIT_LOC_STRINGS = YES;
				SWIFT_VERSION = 5.0;
				TARGETED_DEVICE_FAMILY = "1,2";
			};
			name = Release;
		};
/* End XCBuildConfiguration section */

/* Begin XCConfigurationList section */
		D0AD4AF52886B57E00F0DE3C /* Build configuration list for PBXProject "AprendeSwiftUI" */ = {
			isa = XCConfigurationList;
			buildConfigurations = (
				D0AD4B062886B58300F0DE3C /* Debug */,
				D0AD4B072886B58300F0DE3C /* Release */,
			);
			defaultConfigurationIsVisible = 0;
			defaultConfigurationName = Release;
		};
		D0AD4B082886B58300F0DE3C /* Build configuration list for PBXNativeTarget "AprendeSwiftUI" */ = {
			isa = XCConfigurationList;
			buildConfigurations = (
				D0AD4B092886B58300F0DE3C /* Debug */,
				D0AD4B0A2886B58300F0DE3C /* Release */,
			);
			defaultConfigurationIsVisible = 0;
			defaultConfigurationName = Release;
		};
/* End XCConfigurationList section */
	};
	rootObject = D0AD4AF22886B57E00F0DE3C /* Project object */;
}
